
Microsoft Visual Studio Solution File, Format Version 12.00
# Visual Studio 2013
VisualStudioVersion = 12.0.31101.0
MinimumVisualStudioVersion = 10.0.40219.1
Project("{FAE04EC0-301F-11D3-BF4B-00C04F79EFBC}") = "ScaleFinderUI", "ScaleFinderUI\ScaleFinderUI.csproj", "{6F978864-C07F-4578-B264-4A12735BC057}"
EndProject
Project("{FAE04EC0-301F-11D3-BF4B-00C04F79EFBC}") = "ScaleFinderConsole", "..\ScaleFinder\ScaleFinderConsole\ScaleFinderConsole\ScaleFinderConsole.csproj", "{F0E6DFAB-74BA-4BAD-8F04-B8CB1BF2CB68}"
EndProject
Global
	GlobalSection(SolutionConfigurationPlatforms) = preSolution
		Debug|Any CPU = Debug|Any CPU
		Release|Any CPU = Release|Any CPU
	EndGlobalSection
	GlobalSection(ProjectConfigurationPlatforms) = postSolution
		{6F978864-C07F-4578-B264-4A12735BC057}.Debug|Any CPU.ActiveCfg = Debug|Any CPU
		{6F978864-C07F-4578-B264-4A12735BC057}.Debug|Any CPU.Build.0 = Debug|Any CPU
		{6F978864-C07F-4578-B264-4A12735BC057}.Release|Any CPU.ActiveCfg = Release|Any CPU
		{6F978864-C07F-4578-B264-4A12735BC057}.Release|Any CPU.Build.0 = Release|Any CPU
		{F0E6DFAB-74BA-4BAD-8F04-B8CB1BF2CB68}.Debug|Any CPU.ActiveCfg = Debug|Any CPU
		{F0E6DFAB-74BA-4BAD-8F04-B8CB1BF2CB68}.Debug|Any CPU.Build.0 = Debug|Any CPU
		{F0E6DFAB-74BA-4BAD-8F04-B8CB1BF2CB68}.Release|Any CPU.ActiveCfg = Release|Any CPU
		{F0E6DFAB-74BA-4BAD-8F04-B8CB1BF2CB68}.Release|Any CPU.Build.0 = Release|Any CPU
	EndGlobalSection
	GlobalSection(SolutionProperties) = preSolution
		HideSolutionNode = FALSE
	EndGlobalSection
EndGlobal
